
Microsoft Visual Studio Solution File, Format Version 12.00
# Visual Studio Version 16
VisualStudioVersion = 16.0.28729.10
MinimumVisualStudioVersion = 10.0.40219.1
Project("{FAE04EC0-301F-11D3-BF4B-00C04F79EFBC}") = "Tracker_New", "Tracker_New.csproj", "{72849B66-642E-4EFA-953A-1B613CA44D3E}"
EndProject
Project("{54435603-DBB4-11D2-8724-00A0C9A8B90C}") = "Tracker Setup", "..\Tracker Setup\Tracker Setup.vdproj", "{BABCA3D2-1E82-493C-9596-4C7384AE1E6C}"
EndProject
Global
	GlobalSection(SolutionConfigurationPlatforms) = preSolution
		Debug|Any CPU = Debug|Any CPU
		Release|Any CPU = Release|Any CPU
	EndGlobalSection
	GlobalSection(ProjectConfigurationPlatforms) = postSolution
		{72849B66-642E-4EFA-953A-1B613CA44D3E}.Debug|Any CPU.ActiveCfg = Debug|Any CPU
		{72849B66-642E-4EFA-953A-1B613CA44D3E}.Debug|Any CPU.Build.0 = Debug|Any CPU
		{72849B66-642E-4EFA-953A-1B613CA44D3E}.Release|Any CPU.ActiveCfg = Release|Any CPU
		{72849B66-642E-4EFA-953A-1B613CA44D3E}.Release|Any CPU.Build.0 = Release|Any CPU
		{BABCA3D2-1E82-493C-9596-4C7384AE1E6C}.Debug|Any CPU.ActiveCfg = Debug
		{BABCA3D2-1E82-493C-9596-4C7384AE1E6C}.Release|Any CPU.ActiveCfg = Release
	EndGlobalSection
	GlobalSection(SolutionProperties) = preSolution
		HideSolutionNode = FALSE
	EndGlobalSection
	GlobalSection(ExtensibilityGlobals) = postSolution
		SolutionGuid = {F998D67F-7285-4B1E-8445-4EABE9FD6543}
	EndGlobalSection
EndGlobal
